
Microsoft Visual Studio Solution File, Format Version 12.00
# Visual Studio 2012
Project("{FAE04EC0-301F-11D3-BF4B-00C04F79EFBC}") = "KovairRallyConsoleApp", "KovairRallyConsoleApp\KovairRallyConsoleApp.csproj", "{0563C895-8FCC-483B-9A9D-A6F86BC2ED51}"
EndProject
Global
	GlobalSection(SolutionConfigurationPlatforms) = preSolution
		Debug|Any CPU = Debug|Any CPU
		Release|Any CPU = Release|Any CPU
	EndGlobalSection
	GlobalSection(ProjectConfigurationPlatforms) = postSolution
		{0563C895-8FCC-483B-9A9D-A6F86BC2ED51}.Debug|Any CPU.ActiveCfg = Debug|Any CPU
		{0563C895-8FCC-483B-9A9D-A6F86BC2ED51}.Debug|Any CPU.Build.0 = Debug|Any CPU
		{0563C895-8FCC-483B-9A9D-A6F86BC2ED51}.Release|Any CPU.ActiveCfg = Release|Any CPU
		{0563C895-8FCC-483B-9A9D-A6F86BC2ED51}.Release|Any CPU.Build.0 = Release|Any CPU
	EndGlobalSection
	GlobalSection(SolutionProperties) = preSolution
		HideSolutionNode = FALSE
	EndGlobalSection
EndGlobal
